
Microsoft Visual Studio Solution File, Format Version 12.00
Project("{FAE04EC0-301F-11D3-BF4B-00C04F79EFBC}") = "DateRegExp", "DateRegExp\DateRegExp.csproj", "{E61E7A75-8BEF-4B3E-8678-1E891579E10A}"
EndProject
Project("{FAE04EC0-301F-11D3-BF4B-00C04F79EFBC}") = "JsonDataAnalysis", "JsonDataAnalysis\JsonDataAnalysis.csproj", "{9257BA67-7D24-4489-A991-E2B09B1676D7}"
EndProject
Project("{FAE04EC0-301F-11D3-BF4B-00C04F79EFBC}") = "RestService", "RestService\RestService.csproj", "{70B5E875-3335-42FB-8D97-02C8BDD5D7E6}"
EndProject
Project("{FAE04EC0-301F-11D3-BF4B-00C04F79EFBC}") = "CryptoServer", "CryptoServer\CryptoServer.csproj", "{62D11D54-874C-4F64-8289-954ABE8123C2}"
EndProject
Project("{FAE04EC0-301F-11D3-BF4B-00C04F79EFBC}") = "CryptoClient", "CryptoClient\CryptoClient.csproj", "{783EFBFA-2E1C-4896-AE79-6F1BF796A4A1}"
EndProject
Global
	GlobalSection(SolutionConfigurationPlatforms) = preSolution
		Debug|Any CPU = Debug|Any CPU
		Release|Any CPU = Release|Any CPU
	EndGlobalSection
	GlobalSection(ProjectConfigurationPlatforms) = postSolution
		{E61E7A75-8BEF-4B3E-8678-1E891579E10A}.Debug|Any CPU.ActiveCfg = Debug|Any CPU
		{E61E7A75-8BEF-4B3E-8678-1E891579E10A}.Debug|Any CPU.Build.0 = Debug|Any CPU
		{E61E7A75-8BEF-4B3E-8678-1E891579E10A}.Release|Any CPU.ActiveCfg = Release|Any CPU
		{E61E7A75-8BEF-4B3E-8678-1E891579E10A}.Release|Any CPU.Build.0 = Release|Any CPU
		{9257BA67-7D24-4489-A991-E2B09B1676D7}.Debug|Any CPU.ActiveCfg = Debug|Any CPU
		{9257BA67-7D24-4489-A991-E2B09B1676D7}.Debug|Any CPU.Build.0 = Debug|Any CPU
		{9257BA67-7D24-4489-A991-E2B09B1676D7}.Release|Any CPU.ActiveCfg = Release|Any CPU
		{9257BA67-7D24-4489-A991-E2B09B1676D7}.Release|Any CPU.Build.0 = Release|Any CPU
		{70B5E875-3335-42FB-8D97-02C8BDD5D7E6}.Debug|Any CPU.ActiveCfg = Debug|Any CPU
		{70B5E875-3335-42FB-8D97-02C8BDD5D7E6}.Debug|Any CPU.Build.0 = Debug|Any CPU
		{70B5E875-3335-42FB-8D97-02C8BDD5D7E6}.Release|Any CPU.ActiveCfg = Release|Any CPU
		{70B5E875-3335-42FB-8D97-02C8BDD5D7E6}.Release|Any CPU.Build.0 = Release|Any CPU
		{62D11D54-874C-4F64-8289-954ABE8123C2}.Debug|Any CPU.ActiveCfg = Debug|Any CPU
		{62D11D54-874C-4F64-8289-954ABE8123C2}.Debug|Any CPU.Build.0 = Debug|Any CPU
		{62D11D54-874C-4F64-8289-954ABE8123C2}.Release|Any CPU.ActiveCfg = Release|Any CPU
		{62D11D54-874C-4F64-8289-954ABE8123C2}.Release|Any CPU.Build.0 = Release|Any CPU
		{783EFBFA-2E1C-4896-AE79-6F1BF796A4A1}.Debug|Any CPU.ActiveCfg = Debug|Any CPU
		{783EFBFA-2E1C-4896-AE79-6F1BF796A4A1}.Debug|Any CPU.Build.0 = Debug|Any CPU
		{783EFBFA-2E1C-4896-AE79-6F1BF796A4A1}.Release|Any CPU.ActiveCfg = Release|Any CPU
		{783EFBFA-2E1C-4896-AE79-6F1BF796A4A1}.Release|Any CPU.Build.0 = Release|Any CPU
	EndGlobalSection
EndGlobal
